github.com/cespare/xxhash/v2 v2.1.2 h1:YRXhKfTDauu4ajMg1TPgFO5jnlC2HCbmLXMcTG5cbYE=
github.com/cespare/xxhash/v2 v2.1.2/go.mod h1:VGX0DQ3Q6kWi7AoAeZDth3/j3BFtOZR5XLFGgcrjCOs=
github.com/moeryomenko/synx v0.3.0 h1:qDg798c8aFt92l8GIkAeQDuVEu58c4kGUitfdsCM6+M=
github.com/moeryomenko/synx v0.3.0/go.mod h1:WSnycUuSCzxhQYpskTF77POrskMz7lvcdNVHTf5H11c=
github.com/moeryomenko/ttlcache v0.1.1 h1:V5HuRtg0QJeHne1tJq/4OXYpmjWBwzwIhQe1tdUmvtg=
github.com/moeryomenko/ttlcache v0.1.1/go.mod h1:OEL0Q8TwDPja6lwrbvv39PywsP7MHqlCapo8PQyFGyc=
golang.org/x/sync v0.0.0-20210220032951-036812b2e83c h1:5KslGYwFpkhGh+Q16bwMP3cOontH8FOep7tGV86Y7SQ=
golang.org/x/sync v0.0.0-20210220032951-036812b2e83c/go.mod h1:RxMgew5VJxzue5/jJTE5uejpjVlOe/izrB70Jof72aM=
